// !$*UTF8*$!
{
	archiveVersion = 1;
	classes = {
	};
	objectVersion = 51;
	objects = {

/* Begin PBXBuildFile section */
		0CFF1FAA7ADEE83FA59E9D6E /* Pods_ProHeraldTests.framework in Frameworks */ = {isa = PBXBuildFile; fileRef = E308440632E0CF79BB2B9051 /* Pods_ProHeraldTests.framework */; };
		3DCDC6DA71793BE82B8061D4 /* Pods_ProHerald.framework in Frameworks */ = {isa = PBXBuildFile; fileRef = D220FE3EDB6A94E534CFAC15 /* Pods_ProHerald.framework */; };
		CD7EF3FD24DD796A00D60FCB /* AppDelegate.swift in Sources */ = {isa = PBXBuildFile; fileRef = CD7EF3FC24DD796A00D60FCB /* AppDelegate.swift */; };
		CD7EF40624DD796B00D60FCB /* Assets.xcassets in Resources */ = {isa = PBXBuildFile; fileRef = CD7EF40524DD796B00D60FCB /* Assets.xcassets */; };
		CD7EF40924DD796B00D60FCB /* LaunchScreen.storyboard in Resources */ = {isa = PBXBuildFile; fileRef = CD7EF40724DD796B00D60FCB /* LaunchScreen.storyboard */; };
		CD7EF42F24DD7B9F00D60FCB /* HomeScreenVC.swift in Sources */ = {isa = PBXBuildFile; fileRef = CD7EF42E24DD7B9F00D60FCB /* HomeScreenVC.swift */; };
		CD7EF43224DD7C8000D60FCB /* BaseViewController.swift in Sources */ = {isa = PBXBuildFile; fileRef = CD7EF43124DD7C8000D60FCB /* BaseViewController.swift */; };
		CD7EF43624DD7E3E00D60FCB /* HomeScreenInteractor.swift in Sources */ = {isa = PBXBuildFile; fileRef = CD7EF43524DD7E3E00D60FCB /* HomeScreenInteractor.swift */; };
		CD7EF43824DD7E4500D60FCB /* HomeScreenPresenter.swift in Sources */ = {isa = PBXBuildFile; fileRef = CD7EF43724DD7E4500D60FCB /* HomeScreenPresenter.swift */; };
		CD7EF43A24DD7E5200D60FCB /* HomeScreenRouter.swift in Sources */ = {isa = PBXBuildFile; fileRef = CD7EF43924DD7E5200D60FCB /* HomeScreenRouter.swift */; };
		CD7EF44824DD8B2800D60FCB /* NetworkManager.swift in Sources */ = {isa = PBXBuildFile; fileRef = CD7EF44724DD8B2800D60FCB /* NetworkManager.swift */; };
		CD7EF44A24DD9BD900D60FCB /* HeroDetailObject.swift in Sources */ = {isa = PBXBuildFile; fileRef = CD7EF44924DD9BD900D60FCB /* HeroDetailObject.swift */; };
		CD7EF44E24DDB8C200D60FCB /* LocalStorageManager.swift in Sources */ = {isa = PBXBuildFile; fileRef = CD7EF44D24DDB8C200D60FCB /* LocalStorageManager.swift */; };
		CD7EF45124DDCB5800D60FCB /* HeroCardCollectionViewCell.swift in Sources */ = {isa = PBXBuildFile; fileRef = CD7EF45024DDCB5800D60FCB /* HeroCardCollectionViewCell.swift */; };
		CD7EF45324DDCB8500D60FCB /* RoleCardTableViewCell.swift in Sources */ = {isa = PBXBuildFile; fileRef = CD7EF45224DDCB8500D60FCB /* RoleCardTableViewCell.swift */; };
		CD7EF45624DEA4E900D60FCB /* HeroDetailScreenVC.swift in Sources */ = {isa = PBXBuildFile; fileRef = CD7EF45524DEA4E900D60FCB /* HeroDetailScreenVC.swift */; };
		CD7EF45824DEA4F500D60FCB /* HeroDetailScreenInteractor.swift in Sources */ = {isa = PBXBuildFile; fileRef = CD7EF45724DEA4F500D60FCB /* HeroDetailScreenInteractor.swift */; };
		CD7EF45C24DEA50900D60FCB /* HeroDetailScreenPresenter.swift in Sources */ = {isa = PBXBuildFile; fileRef = CD7EF45B24DEA50900D60FCB /* HeroDetailScreenPresenter.swift */; };
		CD7EF45E24DED04E00D60FCB /* HomeScreenInteractorTest.swift in Sources */ = {isa = PBXBuildFile; fileRef = CD7EF45D24DED04E00D60FCB /* HomeScreenInteractorTest.swift */; };
		CD7EF46624DED2E800D60FCB /* MockedNetworkManager.swift in Sources */ = {isa = PBXBuildFile; fileRef = CD7EF46524DED2E800D60FCB /* MockedNetworkManager.swift */; };
		CD7EF46824DED2F900D60FCB /* MockedLocalStorageManager.swift in Sources */ = {isa = PBXBuildFile; fileRef = CD7EF46724DED2F900D60FCB /* MockedLocalStorageManager.swift */; };
		CD7EF46E24DEEF7300D60FCB /* MockedHomeScreen.swift in Sources */ = {isa = PBXBuildFile; fileRef = CD7EF46D24DEEF7300D60FCB /* MockedHomeScreen.swift */; };
		CD7EF47024DF148A00D60FCB /* HomeScreenRouterTest.swift in Sources */ = {isa = PBXBuildFile; fileRef = CD7EF46F24DF148A00D60FCB /* HomeScreenRouterTest.swift */; };
		CD7EF47224DF1D3800D60FCB /* MockedNavigationController.swift in Sources */ = {isa = PBXBuildFile; fileRef = CD7EF47124DF1D3800D60FCB /* MockedNavigationController.swift */; };
		CD7EF47424DFD87000D60FCB /* HomeScreenPresenterTest.swift in Sources */ = {isa = PBXBuildFile; fileRef = CD7EF47324DFD87000D60FCB /* HomeScreenPresenterTest.swift */; };
		CD7EF47624DFDB3900D60FCB /* HomeScreenVCTest.swift in Sources */ = {isa = PBXBuildFile; fileRef = CD7EF47524DFDB3900D60FCB /* HomeScreenVCTest.swift */; };
/* End PBXBuildFile section */

/* Begin PBXContainerItemProxy section */
		CD7EF41024DD796B00D60FCB /* PBXContainerItemProxy */ = {
			isa = PBXContainerItemProxy;
			containerPortal = CD7EF3F124DD796A00D60FCB /* Project object */;
			proxyType = 1;
			remoteGlobalIDString = CD7EF3F824DD796A00D60FCB;
			remoteInfo = ProHerald;
		};
/* End PBXContainerItemProxy section */

/* Begin PBXFileReference section */
		36B280E2F95C64710C928083 /* Pods-ProHeraldTests.debug.xcconfig */ = {isa = PBXFileReference; includeInIndex = 1; lastKnownFileType = text.xcconfig; name = "Pods-ProHeraldTests.debug.xcconfig"; path = "Target Support Files/Pods-ProHeraldTests/Pods-ProHeraldTests.debug.xcconfig"; sourceTree = "<group>"; };
		53BB41B2DC364B2A8104B603 /* Pods-ProHerald.debug.xcconfig */ = {isa = PBXFileReference; includeInIndex = 1; lastKnownFileType = text.xcconfig; name = "Pods-ProHerald.debug.xcconfig"; path = "Target Support Files/Pods-ProHerald/Pods-ProHerald.debug.xcconfig"; sourceTree = "<group>"; };
		7CC67A5575C3AE5CB886FAE3 /* Pods-ProHeraldTests.release.xcconfig */ = {isa = PBXFileReference; includeInIndex = 1; lastKnownFileType = text.xcconfig; name = "Pods-ProHeraldTests.release.xcconfig"; path = "Target Support Files/Pods-ProHeraldTests/Pods-ProHeraldTests.release.xcconfig"; sourceTree = "<group>"; };
		962E17BD265CDBB71974832E /* Pods_ProHerald_ProHeraldUITests.framework */ = {isa = PBXFileReference; explicitFileType = wrapper.framework; includeInIndex = 0; path = Pods_ProHerald_ProHeraldUITests.framework; sourceTree = BUILT_PRODUCTS_DIR; };
		CD7EF3F924DD796A00D60FCB /* ProHerald.app */ = {isa = PBXFileReference; explicitFileType = wrapper.application; includeInIndex = 0; path = ProHerald.app; sourceTree = BUILT_PRODUCTS_DIR; };
		CD7EF3FC24DD796A00D60FCB /* AppDelegate.swift */ = {isa = PBXFileReference; lastKnownFileType = sourcecode.swift; path = AppDelegate.swift; sourceTree = "<group>"; };
		CD7EF40524DD796B00D60FCB /* Assets.xcassets */ = {isa = PBXFileReference; lastKnownFileType = folder.assetcatalog; path = Assets.xcassets; sourceTree = "<group>"; };
		CD7EF40824DD796B00D60FCB /* Base */ = {isa = PBXFileReference; lastKnownFileType = file.storyboard; name = Base; path = Base.lproj/LaunchScreen.storyboard; sourceTree = "<group>"; };
		CD7EF40A24DD796B00D60FCB /* Info.plist */ = {isa = PBXFileReference; lastKnownFileType = text.plist.xml; path = Info.plist; sourceTree = "<group>"; };
		CD7EF40F24DD796B00D60FCB /* ProHeraldTests.xctest */ = {isa = PBXFileReference; explicitFileType = wrapper.cfbundle; includeInIndex = 0; path = ProHeraldTests.xctest; sourceTree = BUILT_PRODUCTS_DIR; };
		CD7EF41524DD796B00D60FCB /* Info.plist */ = {isa = PBXFileReference; lastKnownFileType = text.plist.xml; path = Info.plist; sourceTree = "<group>"; };
		CD7EF42E24DD7B9F00D60FCB /* HomeScreenVC.swift */ = {isa = PBXFileReference; lastKnownFileType = sourcecode.swift; path = HomeScreenVC.swift; sourceTree = "<group>"; };
		CD7EF43124DD7C8000D60FCB /* BaseViewController.swift */ = {isa = PBXFileReference; lastKnownFileType = sourcecode.swift; path = BaseViewController.swift; sourceTree = "<group>"; };
		CD7EF43524DD7E3E00D60FCB /* HomeScreenInteractor.swift */ = {isa = PBXFileReference; lastKnownFileType = sourcecode.swift; path = HomeScreenInteractor.swift; sourceTree = "<group>"; };
		CD7EF43724DD7E4500D60FCB /* HomeScreenPresenter.swift */ = {isa = PBXFileReference; lastKnownFileType = sourcecode.swift; path = HomeScreenPresenter.swift; sourceTree = "<group>"; };
		CD7EF43924DD7E5200D60FCB /* HomeScreenRouter.swift */ = {isa = PBXFileReference; lastKnownFileType = sourcecode.swift; path = HomeScreenRouter.swift; sourceTree = "<group>"; };
		CD7EF44724DD8B2800D60FCB /* NetworkManager.swift */ = {isa = PBXFileReference; lastKnownFileType = sourcecode.swift; path = NetworkManager.swift; sourceTree = "<group>"; };
		CD7EF44924DD9BD900D60FCB /* HeroDetailObject.swift */ = {isa = PBXFileReference; lastKnownFileType = sourcecode.swift; path = HeroDetailObject.swift; sourceTree = "<group>"; };
		CD7EF44D24DDB8C200D60FCB /* LocalStorageManager.swift */ = {isa = PBXFileReference; lastKnownFileType = sourcecode.swift; path = LocalStorageManager.swift; sourceTree = "<group>"; };
		CD7EF45024DDCB5800D60FCB /* HeroCardCollectionViewCell.swift */ = {isa = PBXFileReference; lastKnownFileType = sourcecode.swift; path = HeroCardCollectionViewCell.swift; sourceTree = "<group>"; };
		CD7EF45224DDCB8500D60FCB /* RoleCardTableViewCell.swift */ = {isa = PBXFileReference; lastKnownFileType = sourcecode.swift; path = RoleCardTableViewCell.swift; sourceTree = "<group>"; };
		CD7EF45524DEA4E900D60FCB /* HeroDetailScreenVC.swift */ = {isa = PBXFileReference; lastKnownFileType = sourcecode.swift; path = HeroDetailScreenVC.swift; sourceTree = "<group>"; };
		CD7EF45724DEA4F500D60FCB /* HeroDetailScreenInteractor.swift */ = {isa = PBXFileReference; lastKnownFileType = sourcecode.swift; path = HeroDetailScreenInteractor.swift; sourceTree = "<group>"; };
		CD7EF45B24DEA50900D60FCB /* HeroDetailScreenPresenter.swift */ = {isa = PBXFileReference; lastKnownFileType = sourcecode.swift; path = HeroDetailScreenPresenter.swift; sourceTree = "<group>"; };
		CD7EF45D24DED04E00D60FCB /* HomeScreenInteractorTest.swift */ = {isa = PBXFileReference; lastKnownFileType = sourcecode.swift; path = HomeScreenInteractorTest.swift; sourceTree = "<group>"; };
		CD7EF46524DED2E800D60FCB /* MockedNetworkManager.swift */ = {isa = PBXFileReference; lastKnownFileType = sourcecode.swift; path = MockedNetworkManager.swift; sourceTree = "<group>"; };
		CD7EF46724DED2F900D60FCB /* MockedLocalStorageManager.swift */ = {isa = PBXFileReference; lastKnownFileType = sourcecode.swift; path = MockedLocalStorageManager.swift; sourceTree = "<group>"; };
		CD7EF46D24DEEF7300D60FCB /* MockedHomeScreen.swift */ = {isa = PBXFileReference; lastKnownFileType = sourcecode.swift; path = MockedHomeScreen.swift; sourceTree = "<group>"; };
		CD7EF46F24DF148A00D60FCB /* HomeScreenRouterTest.swift */ = {isa = PBXFileReference; lastKnownFileType = sourcecode.swift; path = HomeScreenRouterTest.swift; sourceTree = "<group>"; };
		CD7EF47124DF1D3800D60FCB /* MockedNavigationController.swift */ = {isa = PBXFileReference; lastKnownFileType = sourcecode.swift; path = MockedNavigationController.swift; sourceTree = "<group>"; };
		CD7EF47324DFD87000D60FCB /* HomeScreenPresenterTest.swift */ = {isa = PBXFileReference; lastKnownFileType = sourcecode.swift; path = HomeScreenPresenterTest.swift; sourceTree = "<group>"; };
		CD7EF47524DFDB3900D60FCB /* HomeScreenVCTest.swift */ = {isa = PBXFileReference; lastKnownFileType = sourcecode.swift; path = HomeScreenVCTest.swift; sourceTree = "<group>"; };
		D220FE3EDB6A94E534CFAC15 /* Pods_ProHerald.framework */ = {isa = PBXFileReference; explicitFileType = wrapper.framework; includeInIndex = 0; path = Pods_ProHerald.framework; sourceTree = BUILT_PRODUCTS_DIR; };
		E308440632E0CF79BB2B9051 /* Pods_ProHeraldTests.framework */ = {isa = PBXFileReference; explicitFileType = wrapper.framework; includeInIndex = 0; path = Pods_ProHeraldTests.framework; sourceTree = BUILT_PRODUCTS_DIR; };
		ED64F8F43A8F0CDEAB79C966 /* Pods-ProHerald.release.xcconfig */ = {isa = PBXFileReference; includeInIndex = 1; lastKnownFileType = text.xcconfig; name = "Pods-ProHerald.release.xcconfig"; path = "Target Support Files/Pods-ProHerald/Pods-ProHerald.release.xcconfig"; sourceTree = "<group>"; };
		F2FBA52D9BA5BCC80A2AEEFD /* Pods-ProHerald-ProHeraldUITests.debug.xcconfig */ = {isa = PBXFileReference; includeInIndex = 1; lastKnownFileType = text.xcconfig; name = "Pods-ProHerald-ProHeraldUITests.debug.xcconfig"; path = "Target Support Files/Pods-ProHerald-ProHeraldUITests/Pods-ProHerald-ProHeraldUITests.debug.xcconfig"; sourceTree = "<group>"; };
		F5D0E7CC1293559FBF7E9C1E /* Pods-ProHerald-ProHeraldUITests.release.xcconfig */ = {isa = PBXFileReference; includeInIndex = 1; lastKnownFileType = text.xcconfig; name = "Pods-ProHerald-ProHeraldUITests.release.xcconfig"; path = "Target Support Files/Pods-ProHerald-ProHeraldUITests/Pods-ProHerald-ProHeraldUITests.release.xcconfig"; sourceTree = "<group>"; };
/* End PBXFileReference section */

/* Begin PBXFrameworksBuildPhase section */
		CD7EF3F624DD796A00D60FCB /* Frameworks */ = {
			isa = PBXFrameworksBuildPhase;
			buildActionMask = 2147483647;
			files = (
				3DCDC6DA71793BE82B8061D4 /* Pods_ProHerald.framework in Frameworks */,
			);
			runOnlyForDeploymentPostprocessing = 0;
		};
		CD7EF40C24DD796B00D60FCB /* Frameworks */ = {
			isa = PBXFrameworksBuildPhase;
			buildActionMask = 2147483647;
			files = (
				0CFF1FAA7ADEE83FA59E9D6E /* Pods_ProHeraldTests.framework in Frameworks */,
			);
			runOnlyForDeploymentPostprocessing = 0;
		};
/* End PBXFrameworksBuildPhase section */

/* Begin PBXGroup section */
		CD7EF3F024DD796A00D60FCB = {
			isa = PBXGroup;
			children = (
				CD7EF3FB24DD796A00D60FCB /* ProHerald */,
				CD7EF41224DD796B00D60FCB /* ProHeraldTests */,
				CD7EF3FA24DD796A00D60FCB /* Products */,
				CF19118EBD7C16A03CE262E0 /* Pods */,
				DFC2B7B2CD5D0D9E4428E654 /* Frameworks */,
			);
			sourceTree = "<group>";
		};
		CD7EF3FA24DD796A00D60FCB /* Products */ = {
			isa = PBXGroup;
			children = (
				CD7EF3F924DD796A00D60FCB /* ProHerald.app */,
				CD7EF40F24DD796B00D60FCB /* ProHeraldTests.xctest */,
			);
			name = Products;
			sourceTree = "<group>";
		};
		CD7EF3FB24DD796A00D60FCB /* ProHerald */ = {
			isa = PBXGroup;
			children = (
				CD7EF40A24DD796B00D60FCB /* Info.plist */,
				CD7EF3FC24DD796A00D60FCB /* AppDelegate.swift */,
				CD7EF40524DD796B00D60FCB /* Assets.xcassets */,
				CD7EF40724DD796B00D60FCB /* LaunchScreen.storyboard */,
				CD7EF43024DD7C7900D60FCB /* Core */,
				CD7EF42C24DD7B8300D60FCB /* Screen */,
				CD7EF44B24DD9C1100D60FCB /* Worker */,
			);
			path = ProHerald;
			sourceTree = "<group>";
		};
		CD7EF41224DD796B00D60FCB /* ProHeraldTests */ = {
			isa = PBXGroup;
			children = (
				CD7EF41524DD796B00D60FCB /* Info.plist */,
				CD7EF45F24DED25B00D60FCB /* Mock */,
				CD7EF46324DED2B600D60FCB /* Spec */,
			);
			path = ProHeraldTests;
			sourceTree = "<group>";
		};
		CD7EF42C24DD7B8300D60FCB /* Screen */ = {
			isa = PBXGroup;
			children = (
				CD7EF42D24DD7B9300D60FCB /* Home */,
				CD7EF45424DEA4CC00D60FCB /* HeroDetail */,
			);
			path = Screen;
			sourceTree = "<group>";
		};
		CD7EF42D24DD7B9300D60FCB /* Home */ = {
			isa = PBXGroup;
			children = (
				CD7EF43524DD7E3E00D60FCB /* HomeScreenInteractor.swift */,
				CD7EF43724DD7E4500D60FCB /* HomeScreenPresenter.swift */,
				CD7EF43924DD7E5200D60FCB /* HomeScreenRouter.swift */,
				CD7EF42E24DD7B9F00D60FCB /* HomeScreenVC.swift */,
				CD7EF44F24DDCB4200D60FCB /* Cell */,
			);
			path = Home;
			sourceTree = "<group>";
		};
		CD7EF43024DD7C7900D60FCB /* Core */ = {
			isa = PBXGroup;
			children = (
				CD7EF43124DD7C8000D60FCB /* BaseViewController.swift */,
			);
			path = Core;
			sourceTree = "<group>";
		};
		CD7EF44B24DD9C1100D60FCB /* Worker */ = {
			isa = PBXGroup;
			children = (
				CD7EF44D24DDB8C200D60FCB /* LocalStorageManager.swift */,
				CD7EF44724DD8B2800D60FCB /* NetworkManager.swift */,
				CD7EF44C24DDB87700D60FCB /* Object */,
			);
			path = Worker;
			sourceTree = "<group>";
		};
		CD7EF44C24DDB87700D60FCB /* Object */ = {
			isa = PBXGroup;
			children = (
				CD7EF44924DD9BD900D60FCB /* HeroDetailObject.swift */,
			);
			path = Object;
			sourceTree = "<group>";
		};
		CD7EF44F24DDCB4200D60FCB /* Cell */ = {
			isa = PBXGroup;
			children = (
				CD7EF45024DDCB5800D60FCB /* HeroCardCollectionViewCell.swift */,
				CD7EF45224DDCB8500D60FCB /* RoleCardTableViewCell.swift */,
			);
			path = Cell;
			sourceTree = "<group>";
		};
		CD7EF45424DEA4CC00D60FCB /* HeroDetail */ = {
			isa = PBXGroup;
			children = (
				CD7EF45724DEA4F500D60FCB /* HeroDetailScreenInteractor.swift */,
				CD7EF45B24DEA50900D60FCB /* HeroDetailScreenPresenter.swift */,
				CD7EF45524DEA4E900D60FCB /* HeroDetailScreenVC.swift */,
			);
			path = HeroDetail;
			sourceTree = "<group>";
		};
		CD7EF45F24DED25B00D60FCB /* Mock */ = {
			isa = PBXGroup;
			children = (
				CD7EF46524DED2E800D60FCB /* MockedNetworkManager.swift */,
				CD7EF46724DED2F900D60FCB /* MockedLocalStorageManager.swift */,
				CD7EF46D24DEEF7300D60FCB /* MockedHomeScreen.swift */,
				CD7EF47124DF1D3800D60FCB /* MockedNavigationController.swift */,
			);
			path = Mock;
			sourceTree = "<group>";
		};
		CD7EF46024DED29A00D60FCB /* Screen */ = {
			isa = PBXGroup;
			children = (
				CD7EF46224DED2A700D60FCB /* HeroDetail */,
				CD7EF46124DED2A200D60FCB /* Home */,
			);
			path = Screen;
			sourceTree = "<group>";
		};
		CD7EF46124DED2A200D60FCB /* Home */ = {
			isa = PBXGroup;
			children = (
				CD7EF45D24DED04E00D60FCB /* HomeScreenInteractorTest.swift */,
				CD7EF47324DFD87000D60FCB /* HomeScreenPresenterTest.swift */,
				CD7EF46F24DF148A00D60FCB /* HomeScreenRouterTest.swift */,
				CD7EF47524DFDB3900D60FCB /* HomeScreenVCTest.swift */,
			);
			path = Home;
			sourceTree = "<group>";
		};
		CD7EF46224DED2A700D60FCB /* HeroDetail */ = {
			isa = PBXGroup;
			children = (
			);
			path = HeroDetail;
			sourceTree = "<group>";
		};
		CD7EF46324DED2B600D60FCB /* Spec */ = {
			isa = PBXGroup;
			children = (
				CD7EF46024DED29A00D60FCB /* Screen */,
			);
			path = Spec;
			sourceTree = "<group>";
		};
		CF19118EBD7C16A03CE262E0 /* Pods */ = {
			isa = PBXGroup;
			children = (
				53BB41B2DC364B2A8104B603 /* Pods-ProHerald.debug.xcconfig */,
				ED64F8F43A8F0CDEAB79C966 /* Pods-ProHerald.release.xcconfig */,
				F2FBA52D9BA5BCC80A2AEEFD /* Pods-ProHerald-ProHeraldUITests.debug.xcconfig */,
				F5D0E7CC1293559FBF7E9C1E /* Pods-ProHerald-ProHeraldUITests.release.xcconfig */,
				36B280E2F95C64710C928083 /* Pods-ProHeraldTests.debug.xcconfig */,
				7CC67A5575C3AE5CB886FAE3 /* Pods-ProHeraldTests.release.xcconfig */,
			);
			path = Pods;
			sourceTree = "<group>";
		};
		DFC2B7B2CD5D0D9E4428E654 /* Frameworks */ = {
			isa = PBXGroup;
			children = (
				D220FE3EDB6A94E534CFAC15 /* Pods_ProHerald.framework */,
				962E17BD265CDBB71974832E /* Pods_ProHerald_ProHeraldUITests.framework */,
				E308440632E0CF79BB2B9051 /* Pods_ProHeraldTests.framework */,
			);
			name = Frameworks;
			sourceTree = "<group>";
		};
/* End PBXGroup section */

/* Begin PBXNativeTarget section */
		CD7EF3F824DD796A00D60FCB /* ProHerald */ = {
			isa = PBXNativeTarget;
			buildConfigurationList = CD7EF42324DD796B00D60FCB /* Build configuration list for PBXNativeTarget "ProHerald" */;
			buildPhases = (
				E38DFA0A60A2940658B285E5 /* [CP] Check Pods Manifest.lock */,
				CD7EF3F524DD796A00D60FCB /* Sources */,
				CD7EF3F624DD796A00D60FCB /* Frameworks */,
				CD7EF3F724DD796A00D60FCB /* Resources */,
				EA39F3675CD51D7844AEEFE3 /* [CP] Embed Pods Frameworks */,
			);
			buildRules = (
			);
			dependencies = (
			);
			name = ProHerald;
			productName = ProHerald;
			productReference = CD7EF3F924DD796A00D60FCB /* ProHerald.app */;
			productType = "com.apple.product-type.application";
		};
		CD7EF40E24DD796B00D60FCB /* ProHeraldTests */ = {
			isa = PBXNativeTarget;
			buildConfigurationList = CD7EF42624DD796B00D60FCB /* Build configuration list for PBXNativeTarget "ProHeraldTests" */;
			buildPhases = (
				256CEF817FAA6448888FDD3D /* [CP] Check Pods Manifest.lock */,
				CD7EF40B24DD796B00D60FCB /* Sources */,
				CD7EF40C24DD796B00D60FCB /* Frameworks */,
				CD7EF40D24DD796B00D60FCB /* Resources */,
				EDC9B6A8E18FA3FED99B579D /* [CP] Embed Pods Frameworks */,
			);
			buildRules = (
			);
			dependencies = (
				CD7EF41124DD796B00D60FCB /* PBXTargetDependency */,
			);
			name = ProHeraldTests;
			productName = ProHeraldTests;
			productReference = CD7EF40F24DD796B00D60FCB /* ProHeraldTests.xctest */;
			productType = "com.apple.product-type.bundle.unit-test";
		};
/* End PBXNativeTarget section */

/* Begin PBXProject section */
		CD7EF3F124DD796A00D60FCB /* Project object */ = {
			isa = PBXProject;
			attributes = {
				LastSwiftUpdateCheck = 1150;
				LastUpgradeCheck = 1150;
				ORGANIZATIONNAME = proherald;
				TargetAttributes = {
					CD7EF3F824DD796A00D60FCB = {
						CreatedOnToolsVersion = 11.5;
					};
					CD7EF40E24DD796B00D60FCB = {
						CreatedOnToolsVersion = 11.5;
						TestTargetID = CD7EF3F824DD796A00D60FCB;
					};
				};
			};
			buildConfigurationList = CD7EF3F424DD796A00D60FCB /* Build configuration list for PBXProject "ProHerald" */;
			compatibilityVersion = "Xcode 9.3";
			developmentRegion = en;
			hasScannedForEncodings = 0;
			knownRegions = (
				en,
				Base,
			);
			mainGroup = CD7EF3F024DD796A00D60FCB;
			productRefGroup = CD7EF3FA24DD796A00D60FCB /* Products */;
			projectDirPath = "";
			projectRoot = "";
			targets = (
				CD7EF3F824DD796A00D60FCB /* ProHerald */,
				CD7EF40E24DD796B00D60FCB /* ProHeraldTests */,
			);
		};
/* End PBXProject section */

/* Begin PBXResourcesBuildPhase section */
		CD7EF3F724DD796A00D60FCB /* Resources */ = {
			isa = PBXResourcesBuildPhase;
			buildActionMask = 2147483647;
			files = (
				CD7EF40924DD796B00D60FCB /* LaunchScreen.storyboard in Resources */,
				CD7EF40624DD796B00D60FCB /* Assets.xcassets in Resources */,
			);
			runOnlyForDeploymentPostprocessing = 0;
		};
		CD7EF40D24DD796B00D60FCB /* Resources */ = {
			isa = PBXResourcesBuildPhase;
			buildActionMask = 2147483647;
			files = (
			);
			runOnlyForDeploymentPostprocessing = 0;
		};
/* End PBXResourcesBuildPhase section */

/* Begin PBXShellScriptBuildPhase section */
		256CEF817FAA6448888FDD3D /* [CP] Check Pods Manifest.lock */ = {
			isa = PBXShellScriptBuildPhase;
			buildActionMask = 2147483647;
			files = (
			);
			inputFileListPaths = (
			);
			inputPaths = (
				"${PODS_PODFILE_DIR_PATH}/Podfile.lock",
				"${PODS_ROOT}/Manifest.lock",
			);
			name = "[CP] Check Pods Manifest.lock";
			outputFileListPaths = (
			);
			outputPaths = (
				"$(DERIVED_FILE_DIR)/Pods-ProHeraldTests-checkManifestLockResult.txt",
			);
			runOnlyForDeploymentPostprocessing = 0;
			shellPath = /bin/sh;
			shellScript = "diff \"${PODS_PODFILE_DIR_PATH}/Podfile.lock\" \"${PODS_ROOT}/Manifest.lock\" > /dev/null\nif [ $? != 0 ] ; then\n    # print error to STDERR\n    echo \"error: The sandbox is not in sync with the Podfile.lock. Run 'pod install' or update your CocoaPods installation.\" >&2\n    exit 1\nfi\n# This output is used by Xcode 'outputs' to avoid re-running this script phase.\necho \"SUCCESS\" > \"${SCRIPT_OUTPUT_FILE_0}\"\n";
			showEnvVarsInLog = 0;
		};
		E38DFA0A60A2940658B285E5 /* [CP] Check Pods Manifest.lock */ = {
			isa = PBXShellScriptBuildPhase;
			buildActionMask = 2147483647;
			files = (
			);
			inputFileListPaths = (
			);
			inputPaths = (
				"${PODS_PODFILE_DIR_PATH}/Podfile.lock",
				"${PODS_ROOT}/Manifest.lock",
			);
			name = "[CP] Check Pods Manifest.lock";
			outputFileListPaths = (
			);
			outputPaths = (
				"$(DERIVED_FILE_DIR)/Pods-ProHerald-checkManifestLockResult.txt",
			);
			runOnlyForDeploymentPostprocessing = 0;
			shellPath = /bin/sh;
			shellScript = "diff \"${PODS_PODFILE_DIR_PATH}/Podfile.lock\" \"${PODS_ROOT}/Manifest.lock\" > /dev/null\nif [ $? != 0 ] ; then\n    # print error to STDERR\n    echo \"error: The sandbox is not in sync with the Podfile.lock. Run 'pod install' or update your CocoaPods installation.\" >&2\n    exit 1\nfi\n# This output is used by Xcode 'outputs' to avoid re-running this script phase.\necho \"SUCCESS\" > \"${SCRIPT_OUTPUT_FILE_0}\"\n";
			showEnvVarsInLog = 0;
		};
		EA39F3675CD51D7844AEEFE3 /* [CP] Embed Pods Frameworks */ = {
			isa = PBXShellScriptBuildPhase;
			buildActionMask = 2147483647;
			files = (
			);
			inputFileListPaths = (
				"${PODS_ROOT}/Target Support Files/Pods-ProHerald/Pods-ProHerald-frameworks-${CONFIGURATION}-input-files.xcfilelist",
			);
			name = "[CP] Embed Pods Frameworks";
			outputFileListPaths = (
				"${PODS_ROOT}/Target Support Files/Pods-ProHerald/Pods-ProHerald-frameworks-${CONFIGURATION}-output-files.xcfilelist",
			);
			runOnlyForDeploymentPostprocessing = 0;
			shellPath = /bin/sh;
			shellScript = "\"${PODS_ROOT}/Target Support Files/Pods-ProHerald/Pods-ProHerald-frameworks.sh\"\n";
			showEnvVarsInLog = 0;
		};
		EDC9B6A8E18FA3FED99B579D /* [CP] Embed Pods Frameworks */ = {
			isa = PBXShellScriptBuildPhase;
			buildActionMask = 2147483647;
			files = (
			);
			inputFileListPaths = (
				"${PODS_ROOT}/Target Support Files/Pods-ProHeraldTests/Pods-ProHeraldTests-frameworks-${CONFIGURATION}-input-files.xcfilelist",
			);
			name = "[CP] Embed Pods Frameworks";
			outputFileListPaths = (
				"${PODS_ROOT}/Target Support Files/Pods-ProHeraldTests/Pods-ProHeraldTests-frameworks-${CONFIGURATION}-output-files.xcfilelist",
			);
			runOnlyForDeploymentPostprocessing = 0;
			shellPath = /bin/sh;
			shellScript = "\"${PODS_ROOT}/Target Support Files/Pods-ProHeraldTests/Pods-ProHeraldTests-frameworks.sh\"\n";
			showEnvVarsInLog = 0;
		};
/* End PBXShellScriptBuildPhase section */

/* Begin PBXSourcesBuildPhase section */
		CD7EF3F524DD796A00D60FCB /* Sources */ = {
			isa = PBXSourcesBuildPhase;
			buildActionMask = 2147483647;
			files = (
				CD7EF44824DD8B2800D60FCB /* NetworkManager.swift in Sources */,
				CD7EF43A24DD7E5200D60FCB /* HomeScreenRouter.swift in Sources */,
				CD7EF44E24DDB8C200D60FCB /* LocalStorageManager.swift in Sources */,
				CD7EF3FD24DD796A00D60FCB /* AppDelegate.swift in Sources */,
				CD7EF43824DD7E4500D60FCB /* HomeScreenPresenter.swift in Sources */,
				CD7EF45C24DEA50900D60FCB /* HeroDetailScreenPresenter.swift in Sources */,
				CD7EF42F24DD7B9F00D60FCB /* HomeScreenVC.swift in Sources */,
				CD7EF43624DD7E3E00D60FCB /* HomeScreenInteractor.swift in Sources */,
				CD7EF45124DDCB5800D60FCB /* HeroCardCollectionViewCell.swift in Sources */,
				CD7EF45324DDCB8500D60FCB /* RoleCardTableViewCell.swift in Sources */,
				CD7EF45624DEA4E900D60FCB /* HeroDetailScreenVC.swift in Sources */,
				CD7EF44A24DD9BD900D60FCB /* HeroDetailObject.swift in Sources */,
				CD7EF43224DD7C8000D60FCB /* BaseViewController.swift in Sources */,
				CD7EF45824DEA4F500D60FCB /* HeroDetailScreenInteractor.swift in Sources */,
			);
			runOnlyForDeploymentPostprocessing = 0;
		};
		CD7EF40B24DD796B00D60FCB /* Sources */ = {
			isa = PBXSourcesBuildPhase;
			buildActionMask = 2147483647;
			files = (
				CD7EF47224DF1D3800D60FCB /* MockedNavigationController.swift in Sources */,
				CD7EF45E24DED04E00D60FCB /* HomeScreenInteractorTest.swift in Sources */,
				CD7EF46E24DEEF7300D60FCB /* MockedHomeScreen.swift in Sources */,
				CD7EF47624DFDB3900D60FCB /* HomeScreenVCTest.swift in Sources */,
				CD7EF46824DED2F900D60FCB /* MockedLocalStorageManager.swift in Sources */,
				CD7EF46624DED2E800D60FCB /* MockedNetworkManager.swift in Sources */,
				CD7EF47024DF148A00D60FCB /* HomeScreenRouterTest.swift in Sources */,
				CD7EF47424DFD87000D60FCB /* HomeScreenPresenterTest.swift in Sources */,
			);
			runOnlyForDeploymentPostprocessing = 0;
		};
/* End PBXSourcesBuildPhase section */

/* Begin PBXTargetDependency section */
		CD7EF41124DD796B00D60FCB /* PBXTargetDependency */ = {
			isa = PBXTargetDependency;
			target = CD7EF3F824DD796A00D60FCB /* ProHerald */;
			targetProxy = CD7EF41024DD796B00D60FCB /* PBXContainerItemProxy */;
		};
/* End PBXTargetDependency section */

/* Begin PBXVariantGroup section */
		CD7EF40724DD796B00D60FCB /* LaunchScreen.storyboard */ = {
			isa = PBXVariantGroup;
			children = (
				CD7EF40824DD796B00D60FCB /* Base */,
			);
			name = LaunchScreen.storyboard;
			sourceTree = "<group>";
		};
/* End PBXVariantGroup section */

/* Begin XCBuildConfiguration section */
		CD7EF42124DD796B00D60FCB /* Debug */ = {
			isa = XCBuildConfiguration;
			buildSettings = {
				ALWAYS_SEARCH_USER_PATHS = NO;
				CLANG_ANALYZER_NONNULL = YES;
				CLANG_ANALYZER_NUMBER_OBJECT_CONVERSION = YES_AGGRESSIVE;
				CLANG_CXX_LANGUAGE_STANDARD = "gnu++14";
				CLANG_CXX_LIBRARY = "libc++";
				CLANG_ENABLE_MODULES = YES;
				CLANG_ENABLE_OBJC_ARC = YES;
				CLANG_ENABLE_OBJC_WEAK = YES;
				CLANG_WARN_BLOCK_CAPTURE_AUTORELEASING = YES;
				CLANG_WARN_BOOL_CONVERSION = YES;
				CLANG_WARN_COMMA = YES;
				CLANG_WARN_CONSTANT_CONVERSION = YES;
				CLANG_WARN_DEPRECATED_OBJC_IMPLEMENTATIONS = YES;
				CLANG_WARN_DIRECT_OBJC_ISA_USAGE = YES_ERROR;
				CLANG_WARN_DOCUMENTATION_COMMENTS = YES;
				CLANG_WARN_EMPTY_BODY = YES;
				CLANG_WARN_ENUM_CONVERSION = YES;
				CLANG_WARN_INFINITE_RECURSION = YES;
				CLANG_WARN_INT_CONVERSION = YES;
				CLANG_WARN_NON_LITERAL_NULL_CONVERSION = YES;
				CLANG_WARN_OBJC_IMPLICIT_RETAIN_SELF = YES;
				CLANG_WARN_OBJC_LITERAL_CONVERSION = YES;
				CLANG_WARN_OBJC_ROOT_CLASS = YES_ERROR;
				CLANG_WARN_RANGE_LOOP_ANALYSIS = YES;
				CLANG_WARN_STRICT_PROTOTYPES = YES;
				CLANG_WARN_SUSPICIOUS_MOVE = YES;
				CLANG_WARN_UNGUARDED_AVAILABILITY = YES_AGGRESSIVE;
				CLANG_WARN_UNREACHABLE_CODE = YES;
				CLANG_WARN__DUPLICATE_METHOD_MATCH = YES;
				COPY_PHASE_STRIP = NO;
				DEBUG_INFORMATION_FORMAT = dwarf;
				ENABLE_STRICT_OBJC_MSGSEND = YES;
				ENABLE_TESTABILITY = YES;
				GCC_C_LANGUAGE_STANDARD = gnu11;
				GCC_DYNAMIC_NO_PIC = NO;
				GCC_NO_COMMON_BLOCKS = YES;
				GCC_OPTIMIZATION_LEVEL = 0;
				GCC_PREPROCESSOR_DEFINITIONS = (
					"DEBUG=1",
					"$(inherited)",
				);
				GCC_WARN_64_TO_32_BIT_CONVERSION = YES;
				GCC_WARN_ABOUT_RETURN_TYPE = YES_ERROR;
				GCC_WARN_UNDECLARED_SELECTOR = YES;
				GCC_WARN_UNINITIALIZED_AUTOS = YES_AGGRESSIVE;
				GCC_WARN_UNUSED_FUNCTION = YES;
				GCC_WARN_UNUSED_VARIABLE = YES;
				IPHONEOS_DEPLOYMENT_TARGET = 11.0;
				MTL_ENABLE_DEBUG_INFO = INCLUDE_SOURCE;
				MTL_FAST_MATH = YES;
				ONLY_ACTIVE_ARCH = YES;
				SDKROOT = iphoneos;
				SWIFT_ACTIVE_COMPILATION_CONDITIONS = DEBUG;
				SWIFT_OPTIMIZATION_LEVEL = "-Onone";
			};
			name = Debug;
		};
		CD7EF42224DD796B00D60FCB /* Release */ = {
			isa = XCBuildConfiguration;
			buildSettings = {
				ALWAYS_SEARCH_USER_PATHS = NO;
				CLANG_ANALYZER_NONNULL = YES;
				CLANG_ANALYZER_NUMBER_OBJECT_CONVERSION = YES_AGGRESSIVE;
				CLANG_CXX_LANGUAGE_STANDARD = "gnu++14";
				CLANG_CXX_LIBRARY = "libc++";
				CLANG_ENABLE_MODULES = YES;
				CLANG_ENABLE_OBJC_ARC = YES;
				CLANG_ENABLE_OBJC_WEAK = YES;
				CLANG_WARN_BLOCK_CAPTURE_AUTORELEASING = YES;
				CLANG_WARN_BOOL_CONVERSION = YES;
				CLANG_WARN_COMMA = YES;
				CLANG_WARN_CONSTANT_CONVERSION = YES;
				CLANG_WARN_DEPRECATED_OBJC_IMPLEMENTATIONS = YES;
				CLANG_WARN_DIRECT_OBJC_ISA_USAGE = YES_ERROR;
				CLANG_WARN_DOCUMENTATION_COMMENTS = YES;
				CLANG_WARN_EMPTY_BODY = YES;
				CLANG_WARN_ENUM_CONVERSION = YES;
				CLANG_WARN_INFINITE_RECURSION = YES;
				CLANG_WARN_INT_CONVERSION = YES;
				CLANG_WARN_NON_LITERAL_NULL_CONVERSION = YES;
				CLANG_WARN_OBJC_IMPLICIT_RETAIN_SELF = YES;
				CLANG_WARN_OBJC_LITERAL_CONVERSION = YES;
				CLANG_WARN_OBJC_ROOT_CLASS = YES_ERROR;
				CLANG_WARN_RANGE_LOOP_ANALYSIS = YES;
				CLANG_WARN_STRICT_PROTOTYPES = YES;
				CLANG_WARN_SUSPICIOUS_MOVE = YES;
				CLANG_WARN_UNGUARDED_AVAILABILITY = YES_AGGRESSIVE;
				CLANG_WARN_UNREACHABLE_CODE = YES;
				CLANG_WARN__DUPLICATE_METHOD_MATCH = YES;
				COPY_PHASE_STRIP = NO;
				DEBUG_INFORMATION_FORMAT = "dwarf-with-dsym";
				ENABLE_NS_ASSERTIONS = NO;
				ENABLE_STRICT_OBJC_MSGSEND = YES;
				GCC_C_LANGUAGE_STANDARD = gnu11;
				GCC_NO_COMMON_BLOCKS = YES;
				GCC_WARN_64_TO_32_BIT_CONVERSION = YES;
				GCC_WARN_ABOUT_RETURN_TYPE = YES_ERROR;
				GCC_WARN_UNDECLARED_SELECTOR = YES;
				GCC_WARN_UNINITIALIZED_AUTOS = YES_AGGRESSIVE;
				GCC_WARN_UNUSED_FUNCTION = YES;
				GCC_WARN_UNUSED_VARIABLE = YES;
				IPHONEOS_DEPLOYMENT_TARGET = 11.0;
				MTL_ENABLE_DEBUG_INFO = NO;
				MTL_FAST_MATH = YES;
				SDKROOT = iphoneos;
				SWIFT_COMPILATION_MODE = wholemodule;
				SWIFT_OPTIMIZATION_LEVEL = "-O";
				VALIDATE_PRODUCT = YES;
			};
			name = Release;
		};
		CD7EF42424DD796B00D60FCB /* Debug */ = {
			isa = XCBuildConfiguration;
			baseConfigurationReference = 53BB41B2DC364B2A8104B603 /* Pods-ProHerald.debug.xcconfig */;
			buildSettings = {
				ASSETCATALOG_COMPILER_APPICON_NAME = AppIcon;
				CODE_SIGN_STYLE = Automatic;
				DEVELOPMENT_TEAM = "";
				INFOPLIST_FILE = ProHerald/Info.plist;
				IPHONEOS_DEPLOYMENT_TARGET = 11.0;
				LD_RUNPATH_SEARCH_PATHS = (
					"$(inherited)",
					"@executable_path/Frameworks",
				);
				PRODUCT_BUNDLE_IDENTIFIER = com.proherald.ios.ProHerald;
				PRODUCT_NAME = "$(TARGET_NAME)";
				SWIFT_VERSION = 5.0;
				TARGETED_DEVICE_FAMILY = "1,2";
			};
			name = Debug;
		};
		CD7EF42524DD796B00D60FCB /* Release */ = {
			isa = XCBuildConfiguration;
			baseConfigurationReference = ED64F8F43A8F0CDEAB79C966 /* Pods-ProHerald.release.xcconfig */;
			buildSettings = {
				ASSETCATALOG_COMPILER_APPICON_NAME = AppIcon;
				CODE_SIGN_STYLE = Automatic;
				DEVELOPMENT_TEAM = "";
				INFOPLIST_FILE = ProHerald/Info.plist;
				IPHONEOS_DEPLOYMENT_TARGET = 11.0;
				LD_RUNPATH_SEARCH_PATHS = (
					"$(inherited)",
					"@executable_path/Frameworks",
				);
				PRODUCT_BUNDLE_IDENTIFIER = com.proherald.ios.ProHerald;
				PRODUCT_NAME = "$(TARGET_NAME)";
				SWIFT_VERSION = 5.0;
				TARGETED_DEVICE_FAMILY = "1,2";
			};
			name = Release;
		};
		CD7EF42724DD796B00D60FCB /* Debug */ = {
			isa = XCBuildConfiguration;
			baseConfigurationReference = 36B280E2F95C64710C928083 /* Pods-ProHeraldTests.debug.xcconfig */;
			buildSettings = {
				BUNDLE_LOADER = "$(TEST_HOST)";
				CODE_SIGN_STYLE = Automatic;
				DEVELOPMENT_TEAM = H234B3HHZ5;
				INFOPLIST_FILE = ProHeraldTests/Info.plist;
				IPHONEOS_DEPLOYMENT_TARGET = 11.0;
				LD_RUNPATH_SEARCH_PATHS = (
					"$(inherited)",
					"@executable_path/Frameworks",
					"@loader_path/Frameworks",
				);
				PRODUCT_BUNDLE_IDENTIFIER = com.proherald.ios.ProHeraldTests;
				PRODUCT_NAME = "$(TARGET_NAME)";
				SWIFT_VERSION = 5.0;
				TARGETED_DEVICE_FAMILY = "1,2";
				TEST_HOST = "$(BUILT_PRODUCTS_DIR)/ProHerald.app/ProHerald";
			};
			name = Debug;
		};
		CD7EF42824DD796B00D60FCB /* Release */ = {
			isa = XCBuildConfiguration;
			baseConfigurationReference = 7CC67A5575C3AE5CB886FAE3 /* Pods-ProHeraldTests.release.xcconfig */;
			buildSettings = {
				BUNDLE_LOADER = "$(TEST_HOST)";
				CODE_SIGN_STYLE = Automatic;
				DEVELOPMENT_TEAM = H234B3HHZ5;
				INFOPLIST_FILE = ProHeraldTests/Info.plist;
				IPHONEOS_DEPLOYMENT_TARGET = 11.0;
				LD_RUNPATH_SEARCH_PATHS = (
					"$(inherited)",
					"@executable_path/Frameworks",
					"@loader_path/Frameworks",
				);
				PRODUCT_BUNDLE_IDENTIFIER = com.proherald.ios.ProHeraldTests;
				PRODUCT_NAME = "$(TARGET_NAME)";
				SWIFT_VERSION = 5.0;
				TARGETED_DEVICE_FAMILY = "1,2";
				TEST_HOST = "$(BUILT_PRODUCTS_DIR)/ProHerald.app/ProHerald";
			};
			name = Release;
		};
/* End XCBuildConfiguration section */

/* Begin XCConfigurationList section */
		CD7EF3F424DD796A00D60FCB /* Build configuration list for PBXProject "ProHerald" */ = {
			isa = XCConfigurationList;
			buildConfigurations = (
				CD7EF42124DD796B00D60FCB /* Debug */,
				CD7EF42224DD796B00D60FCB /* Release */,
			);
			defaultConfigurationIsVisible = 0;
			defaultConfigurationName = Release;
		};
		CD7EF42324DD796B00D60FCB /* Build configuration list for PBXNativeTarget "ProHerald" */ = {
			isa = XCConfigurationList;
			buildConfigurations = (
				CD7EF42424DD796B00D60FCB /* Debug */,
				CD7EF42524DD796B00D60FCB /* Release */,
			);
			defaultConfigurationIsVisible = 0;
			defaultConfigurationName = Release;
		};
		CD7EF42624DD796B00D60FCB /* Build configuration list for PBXNativeTarget "ProHeraldTests" */ = {
			isa = XCConfigurationList;
			buildConfigurations = (
				CD7EF42724DD796B00D60FCB /* Debug */,
				CD7EF42824DD796B00D60FCB /* Release */,
			);
			defaultConfigurationIsVisible = 0;
			defaultConfigurationName = Release;
		};
/* End XCConfigurationList section */
	};
	rootObject = CD7EF3F124DD796A00D60FCB /* Project object */;
}
